
Microsoft Visual Studio Solution File, Format Version 12.00
# Visual Studio Version 16
VisualStudioVersion = 16.0.31624.102
MinimumVisualStudioVersion = 10.0.40219.1
Project("{FAE04EC0-301F-11D3-BF4B-00C04F79EFBC}") = "testinggh", "testinggh\testinggh.csproj", "{2B9DDD18-80B5-4532-ACF0-7F5E2031CE5B}"
EndProject
Global
	GlobalSection(SolutionConfigurationPlatforms) = preSolution
		Debug|Any CPU = Debug|Any CPU
		Release|Any CPU = Release|Any CPU
	EndGlobalSection
	GlobalSection(ProjectConfigurationPlatforms) = postSolution
		{2B9DDD18-80B5-4532-ACF0-7F5E2031CE5B}.Debug|Any CPU.ActiveCfg = Debug|Any CPU
		{2B9DDD18-80B5-4532-ACF0-7F5E2031CE5B}.Debug|Any CPU.Build.0 = Debug|Any CPU
		{2B9DDD18-80B5-4532-ACF0-7F5E2031CE5B}.Release|Any CPU.ActiveCfg = Release|Any CPU
		{2B9DDD18-80B5-4532-ACF0-7F5E2031CE5B}.Release|Any CPU.Build.0 = Release|Any CPU
	EndGlobalSection
	GlobalSection(SolutionProperties) = preSolution
		HideSolutionNode = FALSE
	EndGlobalSection
	GlobalSection(ExtensibilityGlobals) = postSolution
		SolutionGuid = {BD6FA0AD-CDE9-4D34-8E02-1B06A4133B42}
	EndGlobalSection
EndGlobal
